<?xml version="1.0" encoding="UTF-8" standalone="yes" ?>
<CodeBlocks_project_file>
	<FileVersion major="1" minor="6" />
	<Project>
		<Option title="bsnes_plus" />
		<Option pch_mode="2" />
		<Option compiler="gcc" />
		<Build>
			<Target title="Debug">
				<Option output="bin/Debug/bsnes_plus" prefix_auto="1" extension_auto="1" />
				<Option object_output="obj/Debug/" />
				<Option type="1" />
				<Option compiler="gcc" />
				<Compiler>
					<Add option="-g" />
				</Compiler>
			</Target>
			<Target title="Release">
				<Option output="bin/Release/bsnes_plus" prefix_auto="1" extension_auto="1" />
				<Option object_output="obj/Release/" />
				<Option type="1" />
				<Option compiler="gcc" />
				<Compiler>
					<Add option="-O2" />
				</Compiler>
				<Linker>
					<Add option="-s" />
				</Linker>
			</Target>
		</Build>
		<Compiler>
			<Add option="-Wall" />
		</Compiler>
		<Unit filename="../bsnes/launcher/launcher.cpp" />
		<Unit filename="../bsnes/launcher/resource.rc" />
		<Unit filename="../bsnes/libco/amd64.c">
			<Option compilerVar="CC" />
		</Unit>
		<Unit filename="../bsnes/libco/amd64_gcc.c">
			<Option compilerVar="CC" />
		</Unit>
		<Unit filename="../bsnes/libco/arm.c">
			<Option compilerVar="CC" />
		</Unit>
		<Unit filename="../bsnes/libco/fiber.c">
			<Option compilerVar="CC" />
		</Unit>
		<Unit filename="../bsnes/libco/libco.c">
			<Option compilerVar="CC" />
		</Unit>
		<Unit filename="../bsnes/libco/libco.h" />
		<Unit filename="../bsnes/libco/ppc.c">
			<Option compilerVar="CC" />
		</Unit>
		<Unit filename="../bsnes/libco/sjlj.c">
			<Option compilerVar="CC" />
		</Unit>
		<Unit filename="../bsnes/libco/ucontext.c">
			<Option compilerVar="CC" />
		</Unit>
		<Unit filename="../bsnes/libco/x86.c">
			<Option compilerVar="CC" />
		</Unit>
		<Unit filename="../bsnes/libco/x86_gcc.c">
			<Option compilerVar="CC" />
		</Unit>
		<Unit filename="../bsnes/ruby/audio.hpp" />
		<Unit filename="../bsnes/ruby/audio/alsa.cpp" />
		<Unit filename="../bsnes/ruby/audio/ao.cpp" />
		<Unit filename="../bsnes/ruby/audio/directsound.cpp" />
		<Unit filename="../bsnes/ruby/audio/openal.cpp" />
		<Unit filename="../bsnes/ruby/audio/oss.cpp" />
		<Unit filename="../bsnes/ruby/audio/pulseaudio.cpp" />
		<Unit filename="../bsnes/ruby/audio/pulseaudiosimple.cpp" />
		<Unit filename="../bsnes/ruby/audio/xaudio2.cpp" />
		<Unit filename="../bsnes/ruby/audio/xaudio2.hpp" />
		<Unit filename="../bsnes/ruby/input.hpp" />
		<Unit filename="../bsnes/ruby/input/directinput.cpp" />
		<Unit filename="../bsnes/ruby/input/macos.cpp" />
		<Unit filename="../bsnes/ruby/input/rawinput.cpp" />
		<Unit filename="../bsnes/ruby/input/sdl.cpp" />
		<Unit filename="../bsnes/ruby/input/x.cpp" />
		<Unit filename="../bsnes/ruby/input/xlibkeys.hpp" />
		<Unit filename="../bsnes/ruby/ruby.cpp" />
		<Unit filename="../bsnes/ruby/ruby.hpp" />
		<Unit filename="../bsnes/ruby/ruby_audio.cpp" />
		<Unit filename="../bsnes/ruby/ruby_impl.cpp" />
		<Unit filename="../bsnes/ruby/video.hpp" />
		<Unit filename="../bsnes/ruby/video/direct3d.cpp" />
		<Unit filename="../bsnes/ruby/video/directdraw.cpp" />
		<Unit filename="../bsnes/ruby/video/gdi.cpp" />
		<Unit filename="../bsnes/ruby/video/glx.cpp" />
		<Unit filename="../bsnes/ruby/video/opengl.hpp" />
		<Unit filename="../bsnes/ruby/video/qtopengl.cpp" />
		<Unit filename="../bsnes/ruby/video/qtraster.cpp" />
		<Unit filename="../bsnes/ruby/video/sdl.cpp" />
		<Unit filename="../bsnes/ruby/video/wgl.cpp" />
		<Unit filename="../bsnes/ruby/video/xv.cpp" />
		<Unit filename="../bsnes/snes/alt/cpu/cpu.cpp" />
		<Unit filename="../bsnes/snes/alt/cpu/cpu.hpp" />
		<Unit filename="../bsnes/snes/alt/cpu/dma.cpp" />
		<Unit filename="../bsnes/snes/alt/cpu/memory.cpp" />
		<Unit filename="../bsnes/snes/alt/cpu/mmio.cpp" />
		<Unit filename="../bsnes/snes/alt/cpu/serialization.cpp" />
		<Unit filename="../bsnes/snes/alt/cpu/timing.cpp" />
		<Unit filename="../bsnes/snes/alt/dsp/SPC_DSP.cpp" />
		<Unit filename="../bsnes/snes/alt/dsp/SPC_DSP.h" />
		<Unit filename="../bsnes/snes/alt/dsp/blargg_common.h" />
		<Unit filename="../bsnes/snes/alt/dsp/blargg_config.h" />
		<Unit filename="../bsnes/snes/alt/dsp/blargg_endian.h" />
		<Unit filename="../bsnes/snes/alt/dsp/blargg_source.h" />
		<Unit filename="../bsnes/snes/alt/dsp/dsp.cpp" />
		<Unit filename="../bsnes/snes/alt/dsp/dsp.hpp" />
		<Unit filename="../bsnes/snes/alt/dsp/serialization.cpp" />
		<Unit filename="../bsnes/snes/alt/ppu/debugger/debugger.cpp" />
		<Unit filename="../bsnes/snes/alt/ppu/debugger/debugger.hpp" />
		<Unit filename="../bsnes/snes/alt/ppu/memory/memory.cpp" />
		<Unit filename="../bsnes/snes/alt/ppu/memory/memory.hpp" />
		<Unit filename="../bsnes/snes/alt/ppu/mmio/mmio.cpp" />
		<Unit filename="../bsnes/snes/alt/ppu/mmio/mmio.hpp" />
		<Unit filename="../bsnes/snes/alt/ppu/ppu.cpp" />
		<Unit filename="../bsnes/snes/alt/ppu/ppu.hpp" />
		<Unit filename="../bsnes/snes/alt/ppu/render/addsub.cpp" />
		<Unit filename="../bsnes/snes/alt/ppu/render/bg.cpp" />
		<Unit filename="../bsnes/snes/alt/ppu/render/cache.cpp" />
		<Unit filename="../bsnes/snes/alt/ppu/render/line.cpp" />
		<Unit filename="../bsnes/snes/alt/ppu/render/mode7.cpp" />
		<Unit filename="../bsnes/snes/alt/ppu/render/oam.cpp" />
		<Unit filename="../bsnes/snes/alt/ppu/render/render.cpp" />
		<Unit filename="../bsnes/snes/alt/ppu/render/render.hpp" />
		<Unit filename="../bsnes/snes/alt/ppu/render/windows.cpp" />
		<Unit filename="../bsnes/snes/alt/ppu/serialization.cpp" />
		<Unit filename="../bsnes/snes/audio/audio.cpp" />
		<Unit filename="../bsnes/snes/audio/audio.hpp" />
		<Unit filename="../bsnes/snes/cartridge/cartridge.cpp" />
		<Unit filename="../bsnes/snes/cartridge/cartridge.hpp" />
		<Unit filename="../bsnes/snes/cartridge/serialization.cpp" />
		<Unit filename="../bsnes/snes/cartridge/xml.cpp" />
		<Unit filename="../bsnes/snes/cheat/cheat-inline.hpp" />
		<Unit filename="../bsnes/snes/cheat/cheat.cpp" />
		<Unit filename="../bsnes/snes/cheat/cheat.hpp" />
		<Unit filename="../bsnes/snes/chip/bsx/bsx.cpp" />
		<Unit filename="../bsnes/snes/chip/bsx/bsx.hpp" />
		<Unit filename="../bsnes/snes/chip/bsx/bsx_base.cpp" />
		<Unit filename="../bsnes/snes/chip/bsx/bsx_cart.cpp" />
		<Unit filename="../bsnes/snes/chip/bsx/bsx_flash.cpp" />
		<Unit filename="../bsnes/snes/chip/bsx/serialization.cpp" />
		<Unit filename="../bsnes/snes/chip/chip.hpp" />
		<Unit filename="../bsnes/snes/chip/cx4/bus.cpp" />
		<Unit filename="../bsnes/snes/chip/cx4/bus.hpp" />
		<Unit filename="../bsnes/snes/chip/cx4/cx4.cpp" />
		<Unit filename="../bsnes/snes/chip/cx4/cx4.hpp" />
		<Unit filename="../bsnes/snes/chip/cx4/data.cpp" />
		<Unit filename="../bsnes/snes/chip/cx4/instructions.cpp" />
		<Unit filename="../bsnes/snes/chip/cx4/memory.cpp" />
		<Unit filename="../bsnes/snes/chip/cx4/registers.cpp" />
		<Unit filename="../bsnes/snes/chip/cx4/serialization.cpp" />
		<Unit filename="../bsnes/snes/chip/msu1/msu1.cpp" />
		<Unit filename="../bsnes/snes/chip/msu1/msu1.hpp" />
		<Unit filename="../bsnes/snes/chip/msu1/serialization.cpp" />
		<Unit filename="../bsnes/snes/chip/necdsp/disassembler.cpp" />
		<Unit filename="../bsnes/snes/chip/necdsp/memory.cpp" />
		<Unit filename="../bsnes/snes/chip/necdsp/necdsp.cpp" />
		<Unit filename="../bsnes/snes/chip/necdsp/necdsp.hpp" />
		<Unit filename="../bsnes/snes/chip/necdsp/registers.hpp" />
		<Unit filename="../bsnes/snes/chip/necdsp/serialization.cpp" />
		<Unit filename="../bsnes/snes/chip/obc1/obc1.cpp" />
		<Unit filename="../bsnes/snes/chip/obc1/obc1.hpp" />
		<Unit filename="../bsnes/snes/chip/obc1/serialization.cpp" />
		<Unit filename="../bsnes/snes/chip/sa1/bus/bus.cpp" />
		<Unit filename="../bsnes/snes/chip/sa1/bus/bus.hpp" />
		<Unit filename="../bsnes/snes/chip/sa1/debugger/debugger.cpp" />
		<Unit filename="../bsnes/snes/chip/sa1/debugger/debugger.hpp" />
		<Unit filename="../bsnes/snes/chip/sa1/dma/dma.cpp" />
		<Unit filename="../bsnes/snes/chip/sa1/dma/dma.hpp" />
		<Unit filename="../bsnes/snes/chip/sa1/memory/memory.cpp" />
		<Unit filename="../bsnes/snes/chip/sa1/memory/memory.hpp" />
		<Unit filename="../bsnes/snes/chip/sa1/mmio/mmio.cpp" />
		<Unit filename="../bsnes/snes/chip/sa1/mmio/mmio.hpp" />
		<Unit filename="../bsnes/snes/chip/sa1/sa1.cpp" />
		<Unit filename="../bsnes/snes/chip/sa1/sa1.hpp" />
		<Unit filename="../bsnes/snes/chip/sa1/serialization.cpp" />
		<Unit filename="../bsnes/snes/chip/sdd1/sdd1.cpp" />
		<Unit filename="../bsnes/snes/chip/sdd1/sdd1.hpp" />
		<Unit filename="../bsnes/snes/chip/sdd1/sdd1emu.cpp" />
		<Unit filename="../bsnes/snes/chip/sdd1/sdd1emu.hpp" />
		<Unit filename="../bsnes/snes/chip/sdd1/serialization.cpp" />
		<Unit filename="../bsnes/snes/chip/serial/serial.cpp" />
		<Unit filename="../bsnes/snes/chip/serial/serial.hpp" />
		<Unit filename="../bsnes/snes/chip/serial/serialization.cpp" />
		<Unit filename="../bsnes/snes/chip/spc7110/decomp.cpp" />
		<Unit filename="../bsnes/snes/chip/spc7110/decomp.hpp" />
		<Unit filename="../bsnes/snes/chip/spc7110/serialization.cpp" />
		<Unit filename="../bsnes/snes/chip/spc7110/spc7110.cpp" />
		<Unit filename="../bsnes/snes/chip/spc7110/spc7110.hpp" />
		<Unit filename="../bsnes/snes/chip/srtc/serialization.cpp" />
		<Unit filename="../bsnes/snes/chip/srtc/srtc.cpp" />
		<Unit filename="../bsnes/snes/chip/srtc/srtc.hpp" />
		<Unit filename="../bsnes/snes/chip/st0018/st0018.cpp" />
		<Unit filename="../bsnes/snes/chip/st0018/st0018.hpp" />
		<Unit filename="../bsnes/snes/chip/superfx/bus/bus.cpp" />
		<Unit filename="../bsnes/snes/chip/superfx/bus/bus.hpp" />
		<Unit filename="../bsnes/snes/chip/superfx/core/core.cpp" />
		<Unit filename="../bsnes/snes/chip/superfx/core/core.hpp" />
		<Unit filename="../bsnes/snes/chip/superfx/core/opcode_table.cpp" />
		<Unit filename="../bsnes/snes/chip/superfx/core/opcodes.cpp" />
		<Unit filename="../bsnes/snes/chip/superfx/core/registers.hpp" />
		<Unit filename="../bsnes/snes/chip/superfx/debugger/debugger.cpp" />
		<Unit filename="../bsnes/snes/chip/superfx/debugger/debugger.hpp" />
		<Unit filename="../bsnes/snes/chip/superfx/disasm/disasm.cpp" />
		<Unit filename="../bsnes/snes/chip/superfx/disasm/disasm.hpp" />
		<Unit filename="../bsnes/snes/chip/superfx/memory/memory.cpp" />
		<Unit filename="../bsnes/snes/chip/superfx/memory/memory.hpp" />
		<Unit filename="../bsnes/snes/chip/superfx/mmio/mmio.cpp" />
		<Unit filename="../bsnes/snes/chip/superfx/mmio/mmio.hpp" />
		<Unit filename="../bsnes/snes/chip/superfx/serialization.cpp" />
		<Unit filename="../bsnes/snes/chip/superfx/superfx.cpp" />
		<Unit filename="../bsnes/snes/chip/superfx/superfx.hpp" />
		<Unit filename="../bsnes/snes/chip/superfx/timing/timing.cpp" />
		<Unit filename="../bsnes/snes/chip/superfx/timing/timing.hpp" />
		<Unit filename="../bsnes/snes/chip/supergameboy/debugger/debugger.cpp" />
		<Unit filename="../bsnes/snes/chip/supergameboy/debugger/debugger.hpp" />
		<Unit filename="../bsnes/snes/chip/supergameboy/debugger/disassembler.cpp" />
		<Unit filename="../bsnes/snes/chip/supergameboy/debugger/disassembler.hpp" />
		<Unit filename="../bsnes/snes/chip/supergameboy/serialization.cpp" />
		<Unit filename="../bsnes/snes/chip/supergameboy/supergameboy.cpp" />
		<Unit filename="../bsnes/snes/chip/supergameboy/supergameboy.hpp" />
		<Unit filename="../bsnes/snes/chip/xband/xband.cpp" />
		<Unit filename="../bsnes/snes/chip/xband/xband.hpp" />
		<Unit filename="../bsnes/snes/chip/xband/xband_base.cpp" />
		<Unit filename="../bsnes/snes/chip/xband/xband_cart.cpp" />
		<Unit filename="../bsnes/snes/config/config.cpp" />
		<Unit filename="../bsnes/snes/config/config.hpp" />
		<Unit filename="../bsnes/snes/cpu/core/algorithms.cpp" />
		<Unit filename="../bsnes/snes/cpu/core/core.cpp" />
		<Unit filename="../bsnes/snes/cpu/core/core.hpp" />
		<Unit filename="../bsnes/snes/cpu/core/disassembler/disassembler.cpp" />
		<Unit filename="../bsnes/snes/cpu/core/disassembler/disassembler.hpp" />
		<Unit filename="../bsnes/snes/cpu/core/memory.hpp" />
		<Unit filename="../bsnes/snes/cpu/core/opcode_misc.cpp" />
		<Unit filename="../bsnes/snes/cpu/core/opcode_pc.cpp" />
		<Unit filename="../bsnes/snes/cpu/core/opcode_read.cpp" />
		<Unit filename="../bsnes/snes/cpu/core/opcode_rmw.cpp" />
		<Unit filename="../bsnes/snes/cpu/core/opcode_write.cpp" />
		<Unit filename="../bsnes/snes/cpu/core/registers.hpp" />
		<Unit filename="../bsnes/snes/cpu/core/serialization.cpp" />
		<Unit filename="../bsnes/snes/cpu/core/table.cpp" />
		<Unit filename="../bsnes/snes/cpu/cpu.cpp" />
		<Unit filename="../bsnes/snes/cpu/cpu.hpp" />
		<Unit filename="../bsnes/snes/cpu/debugger/analyst.cpp" />
		<Unit filename="../bsnes/snes/cpu/debugger/analyst.hpp" />
		<Unit filename="../bsnes/snes/cpu/debugger/debugger.cpp" />
		<Unit filename="../bsnes/snes/cpu/debugger/debugger.hpp" />
		<Unit filename="../bsnes/snes/cpu/dma/dma.cpp" />
		<Unit filename="../bsnes/snes/cpu/dma/dma.hpp" />
		<Unit filename="../bsnes/snes/cpu/memory/memory.cpp" />
		<Unit filename="../bsnes/snes/cpu/memory/memory.hpp" />
		<Unit filename="../bsnes/snes/cpu/mmio/mmio.cpp" />
		<Unit filename="../bsnes/snes/cpu/mmio/mmio.hpp" />
		<Unit filename="../bsnes/snes/cpu/serialization.cpp" />
		<Unit filename="../bsnes/snes/cpu/timing/irq.cpp" />
		<Unit filename="../bsnes/snes/cpu/timing/joypad.cpp" />
		<Unit filename="../bsnes/snes/cpu/timing/timing.cpp" />
		<Unit filename="../bsnes/snes/cpu/timing/timing.hpp" />
		<Unit filename="../bsnes/snes/debugger/debugger.cpp" />
		<Unit filename="../bsnes/snes/debugger/debugger.hpp" />
		<Unit filename="../bsnes/snes/dsp/brr.cpp" />
		<Unit filename="../bsnes/snes/dsp/counter.cpp" />
		<Unit filename="../bsnes/snes/dsp/debugger/debugger.cpp" />
		<Unit filename="../bsnes/snes/dsp/debugger/debugger.hpp" />
		<Unit filename="../bsnes/snes/dsp/dsp.cpp" />
		<Unit filename="../bsnes/snes/dsp/dsp.hpp" />
		<Unit filename="../bsnes/snes/dsp/echo.cpp" />
		<Unit filename="../bsnes/snes/dsp/envelope.cpp" />
		<Unit filename="../bsnes/snes/dsp/gaussian.cpp" />
		<Unit filename="../bsnes/snes/dsp/misc.cpp" />
		<Unit filename="../bsnes/snes/dsp/serialization.cpp" />
		<Unit filename="../bsnes/snes/dsp/voice.cpp" />
		<Unit filename="../bsnes/snes/input/input.cpp" />
		<Unit filename="../bsnes/snes/input/input.hpp" />
		<Unit filename="../bsnes/snes/interface/interface.hpp" />
		<Unit filename="../bsnes/snes/libsnes/libsnes.cpp" />
		<Unit filename="../bsnes/snes/libsnes/libsnes.hpp" />
		<Unit filename="../bsnes/snes/memory/memory-inline.hpp" />
		<Unit filename="../bsnes/snes/memory/memory.cpp" />
		<Unit filename="../bsnes/snes/memory/memory.hpp" />
		<Unit filename="../bsnes/snes/memory/serialization.cpp" />
		<Unit filename="../bsnes/snes/ppu/background/background.cpp" />
		<Unit filename="../bsnes/snes/ppu/background/background.hpp" />
		<Unit filename="../bsnes/snes/ppu/background/mode7.cpp" />
		<Unit filename="../bsnes/snes/ppu/counter/counter-inline.hpp" />
		<Unit filename="../bsnes/snes/ppu/counter/counter.hpp" />
		<Unit filename="../bsnes/snes/ppu/counter/serialization.cpp" />
		<Unit filename="../bsnes/snes/ppu/debugger/debugger.cpp" />
		<Unit filename="../bsnes/snes/ppu/debugger/debugger.hpp" />
		<Unit filename="../bsnes/snes/ppu/mmio/mmio.cpp" />
		<Unit filename="../bsnes/snes/ppu/mmio/mmio.hpp" />
		<Unit filename="../bsnes/snes/ppu/ppu.cpp" />
		<Unit filename="../bsnes/snes/ppu/ppu.hpp" />
		<Unit filename="../bsnes/snes/ppu/screen/screen.cpp" />
		<Unit filename="../bsnes/snes/ppu/screen/screen.hpp" />
		<Unit filename="../bsnes/snes/ppu/serialization.cpp" />
		<Unit filename="../bsnes/snes/ppu/sprite/list.cpp" />
		<Unit filename="../bsnes/snes/ppu/sprite/sprite.cpp" />
		<Unit filename="../bsnes/snes/ppu/sprite/sprite.hpp" />
		<Unit filename="../bsnes/snes/ppu/window/window.cpp" />
		<Unit filename="../bsnes/snes/ppu/window/window.hpp" />
		<Unit filename="../bsnes/snes/profile-accuracy.hpp" />
		<Unit filename="../bsnes/snes/profile-compatibility.hpp" />
		<Unit filename="../bsnes/snes/profile-performance.hpp" />
		<Unit filename="../bsnes/snes/scheduler/scheduler.cpp" />
		<Unit filename="../bsnes/snes/scheduler/scheduler.hpp" />
		<Unit filename="../bsnes/snes/smp/core/algorithms.cpp" />
		<Unit filename="../bsnes/snes/smp/core/core.cpp" />
		<Unit filename="../bsnes/snes/smp/core/core.hpp" />
		<Unit filename="../bsnes/snes/smp/core/disassembler/disassembler.cpp" />
		<Unit filename="../bsnes/snes/smp/core/disassembler/disassembler.hpp" />
		<Unit filename="../bsnes/snes/smp/core/memory.hpp" />
		<Unit filename="../bsnes/snes/smp/core/opcode_misc.cpp" />
		<Unit filename="../bsnes/snes/smp/core/opcode_mov.cpp" />
		<Unit filename="../bsnes/snes/smp/core/opcode_pc.cpp" />
		<Unit filename="../bsnes/snes/smp/core/opcode_read.cpp" />
		<Unit filename="../bsnes/snes/smp/core/opcode_rmw.cpp" />
		<Unit filename="../bsnes/snes/smp/core/registers.hpp" />
		<Unit filename="../bsnes/snes/smp/core/serialization.cpp" />
		<Unit filename="../bsnes/snes/smp/core/table.cpp" />
		<Unit filename="../bsnes/snes/smp/debugger/debugger.cpp" />
		<Unit filename="../bsnes/snes/smp/debugger/debugger.hpp" />
		<Unit filename="../bsnes/snes/smp/iplrom.cpp" />
		<Unit filename="../bsnes/snes/smp/memory/memory.cpp" />
		<Unit filename="../bsnes/snes/smp/memory/memory.hpp" />
		<Unit filename="../bsnes/snes/smp/mmio/mmio.cpp" />
		<Unit filename="../bsnes/snes/smp/mmio/mmio.hpp" />
		<Unit filename="../bsnes/snes/smp/serialization.cpp" />
		<Unit filename="../bsnes/snes/smp/smp.cpp" />
		<Unit filename="../bsnes/snes/smp/smp.hpp" />
		<Unit filename="../bsnes/snes/smp/timing/timing.cpp" />
		<Unit filename="../bsnes/snes/smp/timing/timing.hpp" />
		<Unit filename="../bsnes/snes/snes.hpp" />
		<Unit filename="../bsnes/snes/system/random.cpp" />
		<Unit filename="../bsnes/snes/system/serialization.cpp" />
		<Unit filename="../bsnes/snes/system/system.cpp" />
		<Unit filename="../bsnes/snes/system/system.hpp" />
		<Unit filename="../bsnes/snes/video/video.cpp" />
		<Unit filename="../bsnes/snes/video/video.hpp" />
		<Unit filename="../bsnes/ui-qt/application/application.cpp" />
		<Unit filename="../bsnes/ui-qt/application/application.moc.hpp" />
		<Unit filename="../bsnes/ui-qt/application/arguments.cpp" />
		<Unit filename="../bsnes/ui-qt/application/init.cpp" />
		<Unit filename="../bsnes/ui-qt/base/about.cpp" />
		<Unit filename="../bsnes/ui-qt/base/about.moc.hpp" />
		<Unit filename="../bsnes/ui-qt/base/base.cpp" />
		<Unit filename="../bsnes/ui-qt/base/filebrowser.cpp" />
		<Unit filename="../bsnes/ui-qt/base/filebrowser.moc.hpp" />
		<Unit filename="../bsnes/ui-qt/base/htmlviewer.cpp" />
		<Unit filename="../bsnes/ui-qt/base/htmlviewer.moc.hpp" />
		<Unit filename="../bsnes/ui-qt/base/loader.cpp" />
		<Unit filename="../bsnes/ui-qt/base/loader.moc.hpp" />
		<Unit filename="../bsnes/ui-qt/base/main.cpp" />
		<Unit filename="../bsnes/ui-qt/base/main.moc.hpp" />
		<Unit filename="../bsnes/ui-qt/base/stateselect.cpp" />
		<Unit filename="../bsnes/ui-qt/base/stateselect.moc.hpp" />
		<Unit filename="../bsnes/ui-qt/cartridge/cartridge.cpp" />
		<Unit filename="../bsnes/ui-qt/cartridge/cartridge.hpp" />
		<Unit filename="../bsnes/ui-qt/config.cpp" />
		<Unit filename="../bsnes/ui-qt/config.hpp" />
		<Unit filename="../bsnes/ui-qt/debugger/debugger.cpp" />
		<Unit filename="../bsnes/ui-qt/debugger/debugger.moc.hpp" />
		<Unit filename="../bsnes/ui-qt/debugger/debuggerview.cpp" />
		<Unit filename="../bsnes/ui-qt/debugger/debuggerview.moc.hpp" />
		<Unit filename="../bsnes/ui-qt/debugger/disassembler/disassemblerview.cpp" />
		<Unit filename="../bsnes/ui-qt/debugger/disassembler/disassemblerview.moc.hpp" />
		<Unit filename="../bsnes/ui-qt/debugger/disassembler/line.hpp" />
		<Unit filename="../bsnes/ui-qt/debugger/disassembler/processor/common_processor.cpp" />
		<Unit filename="../bsnes/ui-qt/debugger/disassembler/processor/common_processor.hpp" />
		<Unit filename="../bsnes/ui-qt/debugger/disassembler/processor/cpu_processor.cpp" />
		<Unit filename="../bsnes/ui-qt/debugger/disassembler/processor/cpu_processor.hpp" />
		<Unit filename="../bsnes/ui-qt/debugger/disassembler/processor/processor.cpp" />
		<Unit filename="../bsnes/ui-qt/debugger/disassembler/processor/processor.hpp" />
		<Unit filename="../bsnes/ui-qt/debugger/disassembler/processor/sfx_processor.cpp" />
		<Unit filename="../bsnes/ui-qt/debugger/disassembler/processor/sfx_processor.hpp" />
		<Unit filename="../bsnes/ui-qt/debugger/disassembler/processor/sgb_processor.cpp" />
		<Unit filename="../bsnes/ui-qt/debugger/disassembler/processor/sgb_processor.hpp" />
		<Unit filename="../bsnes/ui-qt/debugger/disassembler/processor/smp_processor.cpp" />
		<Unit filename="../bsnes/ui-qt/debugger/disassembler/processor/smp_processor.hpp" />
		<Unit filename="../bsnes/ui-qt/debugger/disassembler/symbols/adapters/fma_symbol_file.cpp" />
		<Unit filename="../bsnes/ui-qt/debugger/disassembler/symbols/adapters/fma_symbol_file.hpp" />
		<Unit filename="../bsnes/ui-qt/debugger/disassembler/symbols/adapters/symbol_file_interface.hpp" />
		<Unit filename="../bsnes/ui-qt/debugger/disassembler/symbols/adapters/vice_label_file.cpp" />
		<Unit filename="../bsnes/ui-qt/debugger/disassembler/symbols/adapters/vice_label_file.hpp" />
		<Unit filename="../bsnes/ui-qt/debugger/disassembler/symbols/adapters/wla_symbol_file.cpp" />
		<Unit filename="../bsnes/ui-qt/debugger/disassembler/symbols/adapters/wla_symbol_file.hpp" />
		<Unit filename="../bsnes/ui-qt/debugger/disassembler/symbols/symbol_file_adapters.cpp" />
		<Unit filename="../bsnes/ui-qt/debugger/disassembler/symbols/symbol_file_adapters.hpp" />
		<Unit filename="../bsnes/ui-qt/debugger/disassembler/symbols/symbol_map.cpp" />
		<Unit filename="../bsnes/ui-qt/debugger/disassembler/symbols/symbol_map.moc.hpp" />
		<Unit filename="../bsnes/ui-qt/debugger/disassembler/symbolsview.cpp" />
		<Unit filename="../bsnes/ui-qt/debugger/disassembler/symbolsview.moc.hpp" />
		<Unit filename="../bsnes/ui-qt/debugger/ppu/base-renderer.cpp" />
		<Unit filename="../bsnes/ui-qt/debugger/ppu/base-renderer.hpp" />
		<Unit filename="../bsnes/ui-qt/debugger/ppu/cgram-viewer.cpp" />
		<Unit filename="../bsnes/ui-qt/debugger/ppu/cgram-viewer.moc.hpp" />
		<Unit filename="../bsnes/ui-qt/debugger/ppu/cgram-widget.cpp" />
		<Unit filename="../bsnes/ui-qt/debugger/ppu/cgram-widget.moc.hpp" />
		<Unit filename="../bsnes/ui-qt/debugger/ppu/image-grid-widget.cpp" />
		<Unit filename="../bsnes/ui-qt/debugger/ppu/image-grid-widget.moc.hpp" />
		<Unit filename="../bsnes/ui-qt/debugger/ppu/oam-data-model.cpp" />
		<Unit filename="../bsnes/ui-qt/debugger/ppu/oam-data-model.moc.hpp" />
		<Unit filename="../bsnes/ui-qt/debugger/ppu/oam-graphics-scene.cpp" />
		<Unit filename="../bsnes/ui-qt/debugger/ppu/oam-graphics-scene.moc.hpp" />
		<Unit filename="../bsnes/ui-qt/debugger/ppu/oam-viewer.cpp" />
		<Unit filename="../bsnes/ui-qt/debugger/ppu/oam-viewer.moc.hpp" />
		<Unit filename="../bsnes/ui-qt/debugger/ppu/tile-renderer.cpp" />
		<Unit filename="../bsnes/ui-qt/debugger/ppu/tile-renderer.hpp" />
		<Unit filename="../bsnes/ui-qt/debugger/ppu/tile-viewer.cpp" />
		<Unit filename="../bsnes/ui-qt/debugger/ppu/tile-viewer.moc.hpp" />
		<Unit filename="../bsnes/ui-qt/debugger/ppu/tilemap-renderer.cpp" />
		<Unit filename="../bsnes/ui-qt/debugger/ppu/tilemap-renderer.hpp" />
		<Unit filename="../bsnes/ui-qt/debugger/ppu/tilemap-viewer.cpp" />
		<Unit filename="../bsnes/ui-qt/debugger/ppu/tilemap-viewer.moc.hpp" />
		<Unit filename="../bsnes/ui-qt/debugger/registeredit.cpp" />
		<Unit filename="../bsnes/ui-qt/debugger/registeredit.moc.hpp" />
		<Unit filename="../bsnes/ui-qt/debugger/tools/breakpoint.cpp" />
		<Unit filename="../bsnes/ui-qt/debugger/tools/breakpoint.moc.hpp" />
		<Unit filename="../bsnes/ui-qt/debugger/tools/memory.cpp" />
		<Unit filename="../bsnes/ui-qt/debugger/tools/memory.moc.hpp" />
		<Unit filename="../bsnes/ui-qt/debugger/tools/properties.cpp" />
		<Unit filename="../bsnes/ui-qt/debugger/tools/properties.moc.hpp" />
		<Unit filename="../bsnes/ui-qt/debugger/tools/qhexedit2/commands.cpp" />
		<Unit filename="../bsnes/ui-qt/debugger/tools/qhexedit2/commands.moc.hpp" />
		<Unit filename="../bsnes/ui-qt/debugger/tools/qhexedit2/qhexedit.cpp" />
		<Unit filename="../bsnes/ui-qt/debugger/tools/qhexedit2/qhexedit.moc.hpp" />
		<Unit filename="../bsnes/ui-qt/debugger/tracer.cpp" />
		<Unit filename="../bsnes/ui-qt/debugger/tracer.moc.hpp" />
		<Unit filename="../bsnes/ui-qt/input/controller.cpp" />
		<Unit filename="../bsnes/ui-qt/input/controller.hpp" />
		<Unit filename="../bsnes/ui-qt/input/input.cpp" />
		<Unit filename="../bsnes/ui-qt/input/input.hpp" />
		<Unit filename="../bsnes/ui-qt/input/userinterface-emulationspeed.cpp" />
		<Unit filename="../bsnes/ui-qt/input/userinterface-general.cpp" />
		<Unit filename="../bsnes/ui-qt/input/userinterface-states.cpp" />
		<Unit filename="../bsnes/ui-qt/input/userinterface-system.cpp" />
		<Unit filename="../bsnes/ui-qt/input/userinterface-videosettings.cpp" />
		<Unit filename="../bsnes/ui-qt/input/userinterface.hpp" />
		<Unit filename="../bsnes/ui-qt/interface.cpp" />
		<Unit filename="../bsnes/ui-qt/interface.hpp" />
		<Unit filename="../bsnes/ui-qt/link/filter.cpp" />
		<Unit filename="../bsnes/ui-qt/link/filter.hpp" />
		<Unit filename="../bsnes/ui-qt/link/music.cpp" />
		<Unit filename="../bsnes/ui-qt/link/music.hpp" />
		<Unit filename="../bsnes/ui-qt/link/reader.cpp" />
		<Unit filename="../bsnes/ui-qt/link/reader.hpp" />
		<Unit filename="../bsnes/ui-qt/main.cpp" />
		<Unit filename="../bsnes/ui-qt/movie/movie.cpp" />
		<Unit filename="../bsnes/ui-qt/movie/movie.hpp" />
		<Unit filename="../bsnes/ui-qt/platform/platform_osx.cpp" />
		<Unit filename="../bsnes/ui-qt/platform/platform_win.cpp" />
		<Unit filename="../bsnes/ui-qt/platform/platform_x.cpp" />
		<Unit filename="../bsnes/ui-qt/resource/resource.rc" />
		<Unit filename="../bsnes/ui-qt/settings/advanced.cpp" />
		<Unit filename="../bsnes/ui-qt/settings/advanced.moc.hpp" />
		<Unit filename="../bsnes/ui-qt/settings/audio.cpp" />
		<Unit filename="../bsnes/ui-qt/settings/audio.moc.hpp" />
		<Unit filename="../bsnes/ui-qt/settings/bsx.cpp" />
		<Unit filename="../bsnes/ui-qt/settings/bsx.moc.hpp" />
		<Unit filename="../bsnes/ui-qt/settings/input.cpp" />
		<Unit filename="../bsnes/ui-qt/settings/input.moc.hpp" />
		<Unit filename="../bsnes/ui-qt/settings/paths.cpp" />
		<Unit filename="../bsnes/ui-qt/settings/paths.moc.hpp" />
		<Unit filename="../bsnes/ui-qt/settings/profile.cpp" />
		<Unit filename="../bsnes/ui-qt/settings/profile.moc.hpp" />
		<Unit filename="../bsnes/ui-qt/settings/settings.cpp" />
		<Unit filename="../bsnes/ui-qt/settings/settings.moc.hpp" />
		<Unit filename="../bsnes/ui-qt/settings/video.cpp" />
		<Unit filename="../bsnes/ui-qt/settings/video.moc.hpp" />
		<Unit filename="../bsnes/ui-qt/state/state.cpp" />
		<Unit filename="../bsnes/ui-qt/state/state.hpp" />
		<Unit filename="../bsnes/ui-qt/tools/cheateditor.cpp" />
		<Unit filename="../bsnes/ui-qt/tools/cheateditor.moc.hpp" />
		<Unit filename="../bsnes/ui-qt/tools/cheatfinder.cpp" />
		<Unit filename="../bsnes/ui-qt/tools/cheatfinder.moc.hpp" />
		<Unit filename="../bsnes/ui-qt/tools/effecttoggle.cpp" />
		<Unit filename="../bsnes/ui-qt/tools/effecttoggle.moc.hpp" />
		<Unit filename="../bsnes/ui-qt/tools/manifestviewer.cpp" />
		<Unit filename="../bsnes/ui-qt/tools/manifestviewer.moc.hpp" />
		<Unit filename="../bsnes/ui-qt/tools/soundviewer.cpp" />
		<Unit filename="../bsnes/ui-qt/tools/soundviewer.moc.hpp" />
		<Unit filename="../bsnes/ui-qt/tools/statemanager.cpp" />
		<Unit filename="../bsnes/ui-qt/tools/statemanager.moc.hpp" />
		<Unit filename="../bsnes/ui-qt/tools/tools.cpp" />
		<Unit filename="../bsnes/ui-qt/tools/tools.moc.hpp" />
		<Unit filename="../bsnes/ui-qt/ui-base.hpp" />
		<Unit filename="../bsnes/ui-qt/utility/system-state.cpp" />
		<Unit filename="../bsnes/ui-qt/utility/utility.cpp" />
		<Unit filename="../bsnes/ui-qt/utility/utility.hpp" />
		<Unit filename="../bsnes/ui-qt/utility/window.cpp" />
		<Unit filename="../common/nall/algorithm.hpp" />
		<Unit filename="../common/nall/any.hpp" />
		<Unit filename="../common/nall/array.hpp" />
		<Unit filename="../common/nall/base64.hpp" />
		<Unit filename="../common/nall/bit.hpp" />
		<Unit filename="../common/nall/bps/delta.hpp" />
		<Unit filename="../common/nall/bps/linear.hpp" />
		<Unit filename="../common/nall/bps/metadata.hpp" />
		<Unit filename="../common/nall/bps/patch.hpp" />
		<Unit filename="../common/nall/concept.hpp" />
		<Unit filename="../common/nall/config.hpp" />
		<Unit filename="../common/nall/crc32.hpp" />
		<Unit filename="../common/nall/detect.hpp" />
		<Unit filename="../common/nall/dictionary.hpp" />
		<Unit filename="../common/nall/directory.hpp" />
		<Unit filename="../common/nall/dl.hpp" />
		<Unit filename="../common/nall/endian.hpp" />
		<Unit filename="../common/nall/file.hpp" />
		<Unit filename="../common/nall/filemap.hpp" />
		<Unit filename="../common/nall/foreach.hpp" />
		<Unit filename="../common/nall/function.hpp" />
		<Unit filename="../common/nall/input.hpp" />
		<Unit filename="../common/nall/lzss.hpp" />
		<Unit filename="../common/nall/moduloarray.hpp" />
		<Unit filename="../common/nall/platform.hpp" />
		<Unit filename="../common/nall/priorityqueue.hpp" />
		<Unit filename="../common/nall/property.hpp" />
		<Unit filename="../common/nall/qt/check-action.moc.hpp" />
		<Unit filename="../common/nall/qt/check-delegate.moc.hpp" />
		<Unit filename="../common/nall/qt/combo-delegate.moc.hpp" />
		<Unit filename="../common/nall/qt/concept.hpp" />
		<Unit filename="../common/nall/qt/file-dialog.moc.hpp" />
		<Unit filename="../common/nall/qt/radio-action.moc.hpp" />
		<Unit filename="../common/nall/qt/window.moc.hpp" />
		<Unit filename="../common/nall/random.hpp" />
		<Unit filename="../common/nall/serial.hpp" />
		<Unit filename="../common/nall/serializer.hpp" />
		<Unit filename="../common/nall/sha256.hpp" />
		<Unit filename="../common/nall/snes/cartridge.hpp" />
		<Unit filename="../common/nall/snes/cpu.hpp" />
		<Unit filename="../common/nall/snes/sgb.hpp" />
		<Unit filename="../common/nall/snes/smp.hpp" />
		<Unit filename="../common/nall/sort.hpp" />
		<Unit filename="../common/nall/static.hpp" />
		<Unit filename="../common/nall/stdint.hpp" />
		<Unit filename="../common/nall/string.hpp" />
		<Unit filename="../common/nall/string/base.hpp" />
		<Unit filename="../common/nall/string/bsv.hpp" />
		<Unit filename="../common/nall/string/cast.hpp" />
		<Unit filename="../common/nall/string/compare.hpp" />
		<Unit filename="../common/nall/string/convert.hpp" />
		<Unit filename="../common/nall/string/core.hpp" />
		<Unit filename="../common/nall/string/filename.hpp" />
		<Unit filename="../common/nall/string/math.hpp" />
		<Unit filename="../common/nall/string/platform.hpp" />
		<Unit filename="../common/nall/string/replace.hpp" />
		<Unit filename="../common/nall/string/split.hpp" />
		<Unit filename="../common/nall/string/strl.hpp" />
		<Unit filename="../common/nall/string/strpos.hpp" />
		<Unit filename="../common/nall/string/trim.hpp" />
		<Unit filename="../common/nall/string/utility.hpp" />
		<Unit filename="../common/nall/string/variadic.hpp" />
		<Unit filename="../common/nall/string/wrapper.hpp" />
		<Unit filename="../common/nall/string/xml.hpp" />
		<Unit filename="../common/nall/ups.hpp" />
		<Unit filename="../common/nall/utf8.hpp" />
		<Unit filename="../common/nall/utility.hpp" />
		<Unit filename="../common/nall/varint.hpp" />
		<Unit filename="../common/nall/vector.hpp" />
		<Unit filename="../common/zlib/adler32.c">
			<Option compilerVar="CC" />
		</Unit>
		<Unit filename="../common/zlib/crc32.c">
			<Option compilerVar="CC" />
		</Unit>
		<Unit filename="../common/zlib/crc32.h" />
		<Unit filename="../common/zlib/inffast.c">
			<Option compilerVar="CC" />
		</Unit>
		<Unit filename="../common/zlib/inffast.h" />
		<Unit filename="../common/zlib/inffixed.h" />
		<Unit filename="../common/zlib/inflate.c">
			<Option compilerVar="CC" />
		</Unit>
		<Unit filename="../common/zlib/inflate.h" />
		<Unit filename="../common/zlib/inftrees.c">
			<Option compilerVar="CC" />
		</Unit>
		<Unit filename="../common/zlib/inftrees.h" />
		<Unit filename="../common/zlib/zconf.h" />
		<Unit filename="../common/zlib/zlib.h" />
		<Unit filename="../common/zlib/zutil.c">
			<Option compilerVar="CC" />
		</Unit>
		<Unit filename="../common/zlib/zutil.h" />
		<Unit filename="../snesfilter/2xsai/2xsai.cpp" />
		<Unit filename="../snesfilter/2xsai/2xsai.hpp" />
		<Unit filename="../snesfilter/2xsai/implementation.cpp" />
		<Unit filename="../snesfilter/direct/direct.cpp" />
		<Unit filename="../snesfilter/direct/direct.hpp" />
		<Unit filename="../snesfilter/hq2x/hq2x.cpp" />
		<Unit filename="../snesfilter/hq2x/hq2x.hpp" />
		<Unit filename="../snesfilter/lq2x/lq2x.cpp" />
		<Unit filename="../snesfilter/lq2x/lq2x.hpp" />
		<Unit filename="../snesfilter/ntsc/ntsc.cpp" />
		<Unit filename="../snesfilter/ntsc/ntsc.moc.hpp" />
		<Unit filename="../snesfilter/ntsc/snes_ntsc/snes_ntsc.c">
			<Option compilerVar="CC" />
		</Unit>
		<Unit filename="../snesfilter/ntsc/snes_ntsc/snes_ntsc.h" />
		<Unit filename="../snesfilter/ntsc/snes_ntsc/snes_ntsc_config.h" />
		<Unit filename="../snesfilter/ntsc/snes_ntsc/snes_ntsc_impl.h" />
		<Unit filename="../snesfilter/pixellate2x/pixellate2x.cpp" />
		<Unit filename="../snesfilter/pixellate2x/pixellate2x.hpp" />
		<Unit filename="../snesfilter/scale2x/scale2x.cpp" />
		<Unit filename="../snesfilter/scale2x/scale2x.hpp" />
		<Unit filename="../snesfilter/snesfilter.cpp" />
		<Unit filename="../snesfilter/snesfilter.hpp" />
		<Unit filename="../snesmusic/bitmap_font.cpp" />
		<Unit filename="../snesmusic/bitmap_font.h" />
		<Unit filename="../snesmusic/snesmusic.cpp" />
		<Unit filename="../snesmusic/snesmusic.hpp" />
		<Unit filename="../snesreader/7z_C/7z.h" />
		<Unit filename="../snesreader/7z_C/7zAlloc.c">
			<Option compilerVar="CC" />
		</Unit>
		<Unit filename="../snesreader/7z_C/7zAlloc.h" />
		<Unit filename="../snesreader/7z_C/7zBuf.c">
			<Option compilerVar="CC" />
		</Unit>
		<Unit filename="../snesreader/7z_C/7zBuf.h" />
		<Unit filename="../snesreader/7z_C/7zCrc.c">
			<Option compilerVar="CC" />
		</Unit>
		<Unit filename="../snesreader/7z_C/7zCrc.h" />
		<Unit filename="../snesreader/7z_C/7zCrcOpt.c">
			<Option compilerVar="CC" />
		</Unit>
		<Unit filename="../snesreader/7z_C/7zDec.c">
			<Option compilerVar="CC" />
		</Unit>
		<Unit filename="../snesreader/7z_C/7zIn.c">
			<Option compilerVar="CC" />
		</Unit>
		<Unit filename="../snesreader/7z_C/7zStream.c">
			<Option compilerVar="CC" />
		</Unit>
		<Unit filename="../snesreader/7z_C/Bcj2.c">
			<Option compilerVar="CC" />
		</Unit>
		<Unit filename="../snesreader/7z_C/Bcj2.h" />
		<Unit filename="../snesreader/7z_C/Bra.c">
			<Option compilerVar="CC" />
		</Unit>
		<Unit filename="../snesreader/7z_C/Bra.h" />
		<Unit filename="../snesreader/7z_C/Bra86.c">
			<Option compilerVar="CC" />
		</Unit>
		<Unit filename="../snesreader/7z_C/CpuArch.c">
			<Option compilerVar="CC" />
		</Unit>
		<Unit filename="../snesreader/7z_C/CpuArch.h" />
		<Unit filename="../snesreader/7z_C/Lzma2Dec.c">
			<Option compilerVar="CC" />
		</Unit>
		<Unit filename="../snesreader/7z_C/Lzma2Dec.h" />
		<Unit filename="../snesreader/7z_C/LzmaDec.c">
			<Option compilerVar="CC" />
		</Unit>
		<Unit filename="../snesreader/7z_C/LzmaDec.h" />
		<Unit filename="../snesreader/7z_C/Ppmd.h" />
		<Unit filename="../snesreader/7z_C/Ppmd7.c">
			<Option compilerVar="CC" />
		</Unit>
		<Unit filename="../snesreader/7z_C/Ppmd7.h" />
		<Unit filename="../snesreader/7z_C/Ppmd7Dec.c">
			<Option compilerVar="CC" />
		</Unit>
		<Unit filename="../snesreader/7z_C/Types.h" />
		<Unit filename="../snesreader/fex/Binary_Extractor.cpp" />
		<Unit filename="../snesreader/fex/Binary_Extractor.h" />
		<Unit filename="../snesreader/fex/Data_Reader.cpp" />
		<Unit filename="../snesreader/fex/Data_Reader.h" />
		<Unit filename="../snesreader/fex/File_Extractor.cpp" />
		<Unit filename="../snesreader/fex/File_Extractor.h" />
		<Unit filename="../snesreader/fex/Gzip_Extractor.cpp" />
		<Unit filename="../snesreader/fex/Gzip_Extractor.h" />
		<Unit filename="../snesreader/fex/Gzip_Reader.cpp" />
		<Unit filename="../snesreader/fex/Gzip_Reader.h" />
		<Unit filename="../snesreader/fex/Rar_Extractor.cpp" />
		<Unit filename="../snesreader/fex/Rar_Extractor.h" />
		<Unit filename="../snesreader/fex/Zip7_Extractor.cpp" />
		<Unit filename="../snesreader/fex/Zip7_Extractor.h" />
		<Unit filename="../snesreader/fex/Zip_Extractor.cpp" />
		<Unit filename="../snesreader/fex/Zip_Extractor.h" />
		<Unit filename="../snesreader/fex/Zlib_Inflater.cpp" />
		<Unit filename="../snesreader/fex/Zlib_Inflater.h" />
		<Unit filename="../snesreader/fex/blargg_common.cpp" />
		<Unit filename="../snesreader/fex/blargg_common.h" />
		<Unit filename="../snesreader/fex/blargg_config.h" />
		<Unit filename="../snesreader/fex/blargg_endian.h" />
		<Unit filename="../snesreader/fex/blargg_errors.cpp" />
		<Unit filename="../snesreader/fex/blargg_errors.h" />
		<Unit filename="../snesreader/fex/blargg_source.h" />
		<Unit filename="../snesreader/fex/fex.cpp" />
		<Unit filename="../snesreader/fex/fex.h" />
		<Unit filename="../snesreader/filechooser.cpp" />
		<Unit filename="../snesreader/filechooser.moc.hpp" />
		<Unit filename="../snesreader/libjma/7z.h" />
		<Unit filename="../snesreader/libjma/7zlzma.cpp" />
		<Unit filename="../snesreader/libjma/aribitcd.h" />
		<Unit filename="../snesreader/libjma/ariconst.h" />
		<Unit filename="../snesreader/libjma/ariprice.h" />
		<Unit filename="../snesreader/libjma/btreecd.h" />
		<Unit filename="../snesreader/libjma/crc32.h" />
		<Unit filename="../snesreader/libjma/iiostrm.cpp" />
		<Unit filename="../snesreader/libjma/iiostrm.h" />
		<Unit filename="../snesreader/libjma/inbyte.cpp" />
		<Unit filename="../snesreader/libjma/inbyte.h" />
		<Unit filename="../snesreader/libjma/jcrc32.cpp" />
		<Unit filename="../snesreader/libjma/jma.cpp" />
		<Unit filename="../snesreader/libjma/jma.h" />
		<Unit filename="../snesreader/libjma/lencoder.h" />
		<Unit filename="../snesreader/libjma/litcoder.h" />
		<Unit filename="../snesreader/libjma/lzma.cpp" />
		<Unit filename="../snesreader/libjma/lzma.h" />
		<Unit filename="../snesreader/libjma/lzmadec.h" />
		<Unit filename="../snesreader/libjma/lzmadecode.cpp" />
		<Unit filename="../snesreader/libjma/portable.h" />
		<Unit filename="../snesreader/libjma/rcdefs.h" />
		<Unit filename="../snesreader/libjma/rngcoder.h" />
		<Unit filename="../snesreader/libjma/winout.cpp" />
		<Unit filename="../snesreader/libjma/winout.h" />
		<Unit filename="../snesreader/micro-bunzip/micro-bunzip.c">
			<Option compilerVar="CC" />
		</Unit>
		<Unit filename="../snesreader/snesreader.cpp" />
		<Unit filename="../snesreader/snesreader.hpp" />
		<Unit filename="../supergameboy/common/array.h" />
		<Unit filename="../supergameboy/common/defined_ptr.h" />
		<Unit filename="../supergameboy/common/ringbuffer.h" />
		<Unit filename="../supergameboy/common/scoped_ptr.h" />
		<Unit filename="../supergameboy/common/transfer_ptr.h" />
		<Unit filename="../supergameboy/common/uncopyable.h" />
		<Unit filename="../supergameboy/common/usec.h" />
		<Unit filename="../supergameboy/interface/interface.cpp" />
		<Unit filename="../supergameboy/interface/interface.hpp" />
		<Unit filename="../supergameboy/libgambatte/include/debughandler.h" />
		<Unit filename="../supergameboy/libgambatte/include/gambatte.h" />
		<Unit filename="../supergameboy/libgambatte/include/gbint.h" />
		<Unit filename="../supergameboy/libgambatte/include/inputgetter.h" />
		<Unit filename="../supergameboy/libgambatte/include/loadres.h" />
		<Unit filename="../supergameboy/libgambatte/include/pakinfo.h" />
		<Unit filename="../supergameboy/libgambatte/src/bitmap_font.cpp" />
		<Unit filename="../supergameboy/libgambatte/src/bitmap_font.h" />
		<Unit filename="../supergameboy/libgambatte/src/counterdef.h" />
		<Unit filename="../supergameboy/libgambatte/src/cpu.cpp" />
		<Unit filename="../supergameboy/libgambatte/src/cpu.h" />
		<Unit filename="../supergameboy/libgambatte/src/file/file.cpp" />
		<Unit filename="../supergameboy/libgambatte/src/file/file.h" />
		<Unit filename="../supergameboy/libgambatte/src/file/file_zip.cpp" />
		<Unit filename="../supergameboy/libgambatte/src/file/stdfile.h" />
		<Unit filename="../supergameboy/libgambatte/src/file/unzip/crypt.h" />
		<Unit filename="../supergameboy/libgambatte/src/file/unzip/ioapi.c">
			<Option compilerVar="CC" />
		</Unit>
		<Unit filename="../supergameboy/libgambatte/src/file/unzip/ioapi.h" />
		<Unit filename="../supergameboy/libgambatte/src/file/unzip/unzip.c">
			<Option compilerVar="CC" />
		</Unit>
		<Unit filename="../supergameboy/libgambatte/src/file/unzip/unzip.h" />
		<Unit filename="../supergameboy/libgambatte/src/gambatte.cpp" />
		<Unit filename="../supergameboy/libgambatte/src/initstate.cpp" />
		<Unit filename="../supergameboy/libgambatte/src/initstate.h" />
		<Unit filename="../supergameboy/libgambatte/src/insertion_sort.h" />
		<Unit filename="../supergameboy/libgambatte/src/interrupter.cpp" />
		<Unit filename="../supergameboy/libgambatte/src/interrupter.h" />
		<Unit filename="../supergameboy/libgambatte/src/interruptrequester.cpp" />
		<Unit filename="../supergameboy/libgambatte/src/interruptrequester.h" />
		<Unit filename="../supergameboy/libgambatte/src/loadres.cpp" />
		<Unit filename="../supergameboy/libgambatte/src/mem/cartridge.cpp" />
		<Unit filename="../supergameboy/libgambatte/src/mem/cartridge.h" />
		<Unit filename="../supergameboy/libgambatte/src/mem/memptrs.cpp" />
		<Unit filename="../supergameboy/libgambatte/src/mem/memptrs.h" />
		<Unit filename="../supergameboy/libgambatte/src/mem/pakinfo.cpp" />
		<Unit filename="../supergameboy/libgambatte/src/mem/pakinfo_internal.h" />
		<Unit filename="../supergameboy/libgambatte/src/mem/rtc.cpp" />
		<Unit filename="../supergameboy/libgambatte/src/mem/rtc.h" />
		<Unit filename="../supergameboy/libgambatte/src/memory.cpp" />
		<Unit filename="../supergameboy/libgambatte/src/memory.h" />
		<Unit filename="../supergameboy/libgambatte/src/minkeeper.h" />
		<Unit filename="../supergameboy/libgambatte/src/osd_element.h" />
		<Unit filename="../supergameboy/libgambatte/src/savestate.h" />
		<Unit filename="../supergameboy/libgambatte/src/sound.cpp" />
		<Unit filename="../supergameboy/libgambatte/src/sound.h" />
		<Unit filename="../supergameboy/libgambatte/src/sound/channel1.cpp" />
		<Unit filename="../supergameboy/libgambatte/src/sound/channel1.h" />
		<Unit filename="../supergameboy/libgambatte/src/sound/channel2.cpp" />
		<Unit filename="../supergameboy/libgambatte/src/sound/channel2.h" />
		<Unit filename="../supergameboy/libgambatte/src/sound/channel3.cpp" />
		<Unit filename="../supergameboy/libgambatte/src/sound/channel3.h" />
		<Unit filename="../supergameboy/libgambatte/src/sound/channel4.cpp" />
		<Unit filename="../supergameboy/libgambatte/src/sound/channel4.h" />
		<Unit filename="../supergameboy/libgambatte/src/sound/duty_unit.cpp" />
		<Unit filename="../supergameboy/libgambatte/src/sound/duty_unit.h" />
		<Unit filename="../supergameboy/libgambatte/src/sound/envelope_unit.cpp" />
		<Unit filename="../supergameboy/libgambatte/src/sound/envelope_unit.h" />
		<Unit filename="../supergameboy/libgambatte/src/sound/length_counter.cpp" />
		<Unit filename="../supergameboy/libgambatte/src/sound/length_counter.h" />
		<Unit filename="../supergameboy/libgambatte/src/sound/master_disabler.h" />
		<Unit filename="../supergameboy/libgambatte/src/sound/psgdef.h" />
		<Unit filename="../supergameboy/libgambatte/src/sound/sound_unit.h" />
		<Unit filename="../supergameboy/libgambatte/src/sound/static_output_tester.h" />
		<Unit filename="../supergameboy/libgambatte/src/state_osd_elements.cpp" />
		<Unit filename="../supergameboy/libgambatte/src/state_osd_elements.h" />
		<Unit filename="../supergameboy/libgambatte/src/statesaver.cpp" />
		<Unit filename="../supergameboy/libgambatte/src/statesaver.h" />
		<Unit filename="../supergameboy/libgambatte/src/tima.cpp" />
		<Unit filename="../supergameboy/libgambatte/src/tima.h" />
		<Unit filename="../supergameboy/libgambatte/src/video.cpp" />
		<Unit filename="../supergameboy/libgambatte/src/video.h" />
		<Unit filename="../supergameboy/libgambatte/src/video/lcddef.h" />
		<Unit filename="../supergameboy/libgambatte/src/video/ly_counter.cpp" />
		<Unit filename="../supergameboy/libgambatte/src/video/ly_counter.h" />
		<Unit filename="../supergameboy/libgambatte/src/video/lyc_irq.cpp" />
		<Unit filename="../supergameboy/libgambatte/src/video/lyc_irq.h" />
		<Unit filename="../supergameboy/libgambatte/src/video/mstat_irq.h" />
		<Unit filename="../supergameboy/libgambatte/src/video/next_m0_time.cpp" />
		<Unit filename="../supergameboy/libgambatte/src/video/next_m0_time.h" />
		<Unit filename="../supergameboy/libgambatte/src/video/ppu.cpp" />
		<Unit filename="../supergameboy/libgambatte/src/video/ppu.h" />
		<Unit filename="../supergameboy/libgambatte/src/video/sprite_mapper.cpp" />
		<Unit filename="../supergameboy/libgambatte/src/video/sprite_mapper.h" />
		<Unit filename="../supergameboy/supergameboy.cpp" />
		<Unit filename="../supergameboy/supergameboy.hpp" />
		<Extensions>
			<code_completion />
			<debugger />
		</Extensions>
	</Project>
</CodeBlocks_project_file>
